
Microsoft Visual Studio Solution File, Format Version 12.00
# Visual Studio Version 17
VisualStudioVersion = 17.2.32616.157
MinimumVisualStudioVersion = 10.0.40219.1
Project("{9A19103F-16F7-4668-BE54-9A1E7A4F7556}") = "Battleships.Lib", "Battleships.Lib\Battleships.Lib.csproj", "{B8365570-3DD1-4E84-B713-1153F09EBF59}"
EndProject
Project("{FAE04EC0-301F-11D3-BF4B-00C04F79EFBC}") = "Battleships.GUI", "Battleships.GUI\Battleships.GUI.csproj", "{711A4733-48BA-4153-BC5D-1B1B34FA19DB}"
EndProject
Global
	GlobalSection(SolutionConfigurationPlatforms) = preSolution
		Debug|Any CPU = Debug|Any CPU
		Release|Any CPU = Release|Any CPU
	EndGlobalSection
	GlobalSection(ProjectConfigurationPlatforms) = postSolution
		{B8365570-3DD1-4E84-B713-1153F09EBF59}.Debug|Any CPU.ActiveCfg = Debug|Any CPU
		{B8365570-3DD1-4E84-B713-1153F09EBF59}.Debug|Any CPU.Build.0 = Debug|Any CPU
		{B8365570-3DD1-4E84-B713-1153F09EBF59}.Release|Any CPU.ActiveCfg = Release|Any CPU
		{B8365570-3DD1-4E84-B713-1153F09EBF59}.Release|Any CPU.Build.0 = Release|Any CPU
		{711A4733-48BA-4153-BC5D-1B1B34FA19DB}.Debug|Any CPU.ActiveCfg = Debug|Any CPU
		{711A4733-48BA-4153-BC5D-1B1B34FA19DB}.Debug|Any CPU.Build.0 = Debug|Any CPU
		{711A4733-48BA-4153-BC5D-1B1B34FA19DB}.Release|Any CPU.ActiveCfg = Release|Any CPU
		{711A4733-48BA-4153-BC5D-1B1B34FA19DB}.Release|Any CPU.Build.0 = Release|Any CPU
	EndGlobalSection
	GlobalSection(SolutionProperties) = preSolution
		HideSolutionNode = FALSE
	EndGlobalSection
	GlobalSection(ExtensibilityGlobals) = postSolution
		SolutionGuid = {849F5EAE-A6F3-474E-B478-64E4E50E5A89}
	EndGlobalSection
EndGlobal
